
Microsoft Visual Studio Solution File, Format Version 12.00
# Visual Studio Version 16
VisualStudioVersion = 16.0.32802.440
MinimumVisualStudioVersion = 10.0.40219.1
Project("{8BC9CEB8-8B4A-11D0-8D11-00A0C91BC942}") = "01 打印Hello World", "01 打印Hello World\01 打印Hello World.vcxproj", "{12A0A74A-9768-42EA-AA07-5AE15644B947}"
EndProject
Project("{8BC9CEB8-8B4A-11D0-8D11-00A0C91BC942}") = "02 字符和字符串", "02 字符和字符串\02 字符和字符串.vcxproj", "{3CA04EFC-4364-45AB-814C-DE27B542B6D5}"
EndProject
Project("{8BC9CEB8-8B4A-11D0-8D11-00A0C91BC942}") = "03 数据输入", "03 数据输入\03 数据输入.vcxproj", "{83586B26-8176-4B2B-8640-CCC4872D4458}"
EndProject
Project("{8BC9CEB8-8B4A-11D0-8D11-00A0C91BC942}") = "04 取模运算", "04 取模运算\04 取模运算.vcxproj", "{38F5EED8-A35A-46F7-A1A5-3351DDC4B48A}"
EndProject
Project("{8BC9CEB8-8B4A-11D0-8D11-00A0C91BC942}") = "05 三只小猪称体重", "05 三只小猪称体重\05 三只小猪称体重.vcxproj", "{66A862C9-8201-4BCC-8AD5-7F354ED0D866}"
EndProject
Project("{8BC9CEB8-8B4A-11D0-8D11-00A0C91BC942}") = "06 三目运算符", "06 三目运算符\06 三目运算符.vcxproj", "{87EC619A-A5FA-46CD-9346-69A0BA50ED29}"
EndProject
Project("{8BC9CEB8-8B4A-11D0-8D11-00A0C91BC942}") = "07 猜数字", "07 猜数字\07 猜数字.vcxproj", "{1DDA5AD2-72A2-4BE3-98ED-3FF36409D42D}"
EndProject
Project("{8BC9CEB8-8B4A-11D0-8D11-00A0C91BC942}") = "08 水仙花数", "08 水仙花数\08 水仙花数.vcxproj", "{B69475AB-5013-4B11-8C7C-AE53B3C2E600}"
EndProject
Project("{8BC9CEB8-8B4A-11D0-8D11-00A0C91BC942}") = "09 敲桌子", "09 敲桌子\09 敲桌子.vcxproj", "{B631E871-E549-4CCE-96CD-E6B43D85491A}"
EndProject
Project("{8BC9CEB8-8B4A-11D0-8D11-00A0C91BC942}") = "10 乘法口诀表", "10 乘法口诀表\10 乘法口诀表.vcxproj", "{C2297E83-E90B-41BE-9524-22DE21ACC556}"
EndProject
Project("{8BC9CEB8-8B4A-11D0-8D11-00A0C91BC942}") = "11 找到数组中的最大元素", "11 找到数组中的最大元素\11 找到数组中的最大元素.vcxproj", "{9B82E7C5-B1D5-4BFA-83A9-E75F31E3F478}"
EndProject
Project("{8BC9CEB8-8B4A-11D0-8D11-00A0C91BC942}") = "12 元素逆置", "12 元素逆置\12 元素逆置.vcxproj", "{A17E93D0-9BCC-4F6C-A53E-0E30C9F01A3E}"
EndProject
Project("{8BC9CEB8-8B4A-11D0-8D11-00A0C91BC942}") = "13 冒泡排序", "13 冒泡排序\13 冒泡排序.vcxproj", "{34705E30-E61A-4E6E-A7D6-28056B9F0F53}"
EndProject
Project("{8BC9CEB8-8B4A-11D0-8D11-00A0C91BC942}") = "14 函数的分文件编写", "14 函数的分文件编写\14 函数的分文件编写.vcxproj", "{2E2E5D15-836F-4F25-8A8A-EE200825F9F4}"
EndProject
Project("{8BC9CEB8-8B4A-11D0-8D11-00A0C91BC942}") = "15 指针配合数组和函数的案例", "15 指针配合数组和函数的案例\15 指针配合数组和函数的案例.vcxproj", "{3F77546A-75C1-4939-8B52-A8996E535E11}"
EndProject
Project("{8BC9CEB8-8B4A-11D0-8D11-00A0C91BC942}") = "16 结构体", "16 结构体\16 结构体.vcxproj", "{CBCD20AF-1C7D-49ED-920B-677F581B3DE2}"
EndProject
Project("{8BC9CEB8-8B4A-11D0-8D11-00A0C91BC942}") = "17 结构体嵌套结构体", "17 结构体嵌套结构体\17 结构体嵌套结构体.vcxproj", "{76220128-9EDE-4031-B0A7-29FED21E71C3}"
EndProject
Project("{8BC9CEB8-8B4A-11D0-8D11-00A0C91BC942}") = "18 结构体案例", "18 结构体案例\18 结构体案例.vcxproj", "{C0DA8E1B-4510-47C3-B912-FC893D1622DE}"
EndProject
Project("{8BC9CEB8-8B4A-11D0-8D11-00A0C91BC942}") = "19 结构体案例2", "19 结构体案例2\19 结构体案例2.vcxproj", "{CDDE49AE-66CB-4FDB-BEA5-AE32ACFF3F73}"
EndProject
Project("{8BC9CEB8-8B4A-11D0-8D11-00A0C91BC942}") = "20 通讯录管理系统", "20 通讯录管理系统\20 通讯录管理系统.vcxproj", "{A5A2B2E2-605C-4990-9489-122AF13BCB9D}"
EndProject
Global
	GlobalSection(SolutionConfigurationPlatforms) = preSolution
		Debug|x64 = Debug|x64
		Debug|x86 = Debug|x86
		Release|x64 = Release|x64
		Release|x86 = Release|x86
	EndGlobalSection
	GlobalSection(ProjectConfigurationPlatforms) = postSolution
		{12A0A74A-9768-42EA-AA07-5AE15644B947}.Debug|x64.ActiveCfg = Debug|x64
		{12A0A74A-9768-42EA-AA07-5AE15644B947}.Debug|x64.Build.0 = Debug|x64
		{12A0A74A-9768-42EA-AA07-5AE15644B947}.Debug|x86.ActiveCfg = Debug|Win32
		{12A0A74A-9768-42EA-AA07-5AE15644B947}.Debug|x86.Build.0 = Debug|Win32
		{12A0A74A-9768-42EA-AA07-5AE15644B947}.Release|x64.ActiveCfg = Release|x64
		{12A0A74A-9768-42EA-AA07-5AE15644B947}.Release|x64.Build.0 = Release|x64
		{12A0A74A-9768-42EA-AA07-5AE15644B947}.Release|x86.ActiveCfg = Release|Win32
		{12A0A74A-9768-42EA-AA07-5AE15644B947}.Release|x86.Build.0 = Release|Win32
		{3CA04EFC-4364-45AB-814C-DE27B542B6D5}.Debug|x64.ActiveCfg = Debug|x64
		{3CA04EFC-4364-45AB-814C-DE27B542B6D5}.Debug|x64.Build.0 = Debug|x64
		{3CA04EFC-4364-45AB-814C-DE27B542B6D5}.Debug|x86.ActiveCfg = Debug|Win32
		{3CA04EFC-4364-45AB-814C-DE27B542B6D5}.Debug|x86.Build.0 = Debug|Win32
		{3CA04EFC-4364-45AB-814C-DE27B542B6D5}.Release|x64.ActiveCfg = Release|x64
		{3CA04EFC-4364-45AB-814C-DE27B542B6D5}.Release|x64.Build.0 = Release|x64
		{3CA04EFC-4364-45AB-814C-DE27B542B6D5}.Release|x86.ActiveCfg = Release|Win32
		{3CA04EFC-4364-45AB-814C-DE27B542B6D5}.Release|x86.Build.0 = Release|Win32
		{83586B26-8176-4B2B-8640-CCC4872D4458}.Debug|x64.ActiveCfg = Debug|x64
		{83586B26-8176-4B2B-8640-CCC4872D4458}.Debug|x64.Build.0 = Debug|x64
		{83586B26-8176-4B2B-8640-CCC4872D4458}.Debug|x86.ActiveCfg = Debug|Win32
		{83586B26-8176-4B2B-8640-CCC4872D4458}.Debug|x86.Build.0 = Debug|Win32
		{83586B26-8176-4B2B-8640-CCC4872D4458}.Release|x64.ActiveCfg = Release|x64
		{83586B26-8176-4B2B-8640-CCC4872D4458}.Release|x64.Build.0 = Release|x64
		{83586B26-8176-4B2B-8640-CCC4872D4458}.Release|x86.ActiveCfg = Release|Win32
		{83586B26-8176-4B2B-8640-CCC4872D4458}.Release|x86.Build.0 = Release|Win32
		{38F5EED8-A35A-46F7-A1A5-3351DDC4B48A}.Debug|x64.ActiveCfg = Debug|x64
		{38F5EED8-A35A-46F7-A1A5-3351DDC4B48A}.Debug|x64.Build.0 = Debug|x64
		{38F5EED8-A35A-46F7-A1A5-3351DDC4B48A}.Debug|x86.ActiveCfg = Debug|Win32
		{38F5EED8-A35A-46F7-A1A5-3351DDC4B48A}.Debug|x86.Build.0 = Debug|Win32
		{38F5EED8-A35A-46F7-A1A5-3351DDC4B48A}.Release|x64.ActiveCfg = Release|x64
		{38F5EED8-A35A-46F7-A1A5-3351DDC4B48A}.Release|x64.Build.0 = Release|x64
		{38F5EED8-A35A-46F7-A1A5-3351DDC4B48A}.Release|x86.ActiveCfg = Release|Win32
		{38F5EED8-A35A-46F7-A1A5-3351DDC4B48A}.Release|x86.Build.0 = Release|Win32
		{66A862C9-8201-4BCC-8AD5-7F354ED0D866}.Debug|x64.ActiveCfg = Debug|x64
		{66A862C9-8201-4BCC-8AD5-7F354ED0D866}.Debug|x64.Build.0 = Debug|x64
		{66A862C9-8201-4BCC-8AD5-7F354ED0D866}.Debug|x86.ActiveCfg = Debug|Win32
		{66A862C9-8201-4BCC-8AD5-7F354ED0D866}.Debug|x86.Build.0 = Debug|Win32
		{66A862C9-8201-4BCC-8AD5-7F354ED0D866}.Release|x64.ActiveCfg = Release|x64
		{66A862C9-8201-4BCC-8AD5-7F354ED0D866}.Release|x64.Build.0 = Release|x64
		{66A862C9-8201-4BCC-8AD5-7F354ED0D866}.Release|x86.ActiveCfg = Release|Win32
		{66A862C9-8201-4BCC-8AD5-7F354ED0D866}.Release|x86.Build.0 = Release|Win32
		{87EC619A-A5FA-46CD-9346-69A0BA50ED29}.Debug|x64.ActiveCfg = Debug|x64
		{87EC619A-A5FA-46CD-9346-69A0BA50ED29}.Debug|x64.Build.0 = Debug|x64
		{87EC619A-A5FA-46CD-9346-69A0BA50ED29}.Debug|x86.ActiveCfg = Debug|Win32
		{87EC619A-A5FA-46CD-9346-69A0BA50ED29}.Debug|x86.Build.0 = Debug|Win32
		{87EC619A-A5FA-46CD-9346-69A0BA50ED29}.Release|x64.ActiveCfg = Release|x64
		{87EC619A-A5FA-46CD-9346-69A0BA50ED29}.Release|x64.Build.0 = Release|x64
		{87EC619A-A5FA-46CD-9346-69A0BA50ED29}.Release|x86.ActiveCfg = Release|Win32
		{87EC619A-A5FA-46CD-9346-69A0BA50ED29}.Release|x86.Build.0 = Release|Win32
		{1DDA5AD2-72A2-4BE3-98ED-3FF36409D42D}.Debug|x64.ActiveCfg = Debug|x64
		{1DDA5AD2-72A2-4BE3-98ED-3FF36409D42D}.Debug|x64.Build.0 = Debug|x64
		{1DDA5AD2-72A2-4BE3-98ED-3FF36409D42D}.Debug|x86.ActiveCfg = Debug|Win32
		{1DDA5AD2-72A2-4BE3-98ED-3FF36409D42D}.Debug|x86.Build.0 = Debug|Win32
		{1DDA5AD2-72A2-4BE3-98ED-3FF36409D42D}.Release|x64.ActiveCfg = Release|x64
		{1DDA5AD2-72A2-4BE3-98ED-3FF36409D42D}.Release|x64.Build.0 = Release|x64
		{1DDA5AD2-72A2-4BE3-98ED-3FF36409D42D}.Release|x86.ActiveCfg = Release|Win32
		{1DDA5AD2-72A2-4BE3-98ED-3FF36409D42D}.Release|x86.Build.0 = Release|Win32
		{B69475AB-5013-4B11-8C7C-AE53B3C2E600}.Debug|x64.ActiveCfg = Debug|x64
		{B69475AB-5013-4B11-8C7C-AE53B3C2E600}.Debug|x64.Build.0 = Debug|x64
		{B69475AB-5013-4B11-8C7C-AE53B3C2E600}.Debug|x86.ActiveCfg = Debug|Win32
		{B69475AB-5013-4B11-8C7C-AE53B3C2E600}.Debug|x86.Build.0 = Debug|Win32
		{B69475AB-5013-4B11-8C7C-AE53B3C2E600}.Release|x64.ActiveCfg = Release|x64
		{B69475AB-5013-4B11-8C7C-AE53B3C2E600}.Release|x64.Build.0 = Release|x64
		{B69475AB-5013-4B11-8C7C-AE53B3C2E600}.Release|x86.ActiveCfg = Release|Win32
		{B69475AB-5013-4B11-8C7C-AE53B3C2E600}.Release|x86.Build.0 = Release|Win32
		{B631E871-E549-4CCE-96CD-E6B43D85491A}.Debug|x64.ActiveCfg = Debug|x64
		{B631E871-E549-4CCE-96CD-E6B43D85491A}.Debug|x64.Build.0 = Debug|x64
		{B631E871-E549-4CCE-96CD-E6B43D85491A}.Debug|x86.ActiveCfg = Debug|Win32
		{B631E871-E549-4CCE-96CD-E6B43D85491A}.Debug|x86.Build.0 = Debug|Win32
		{B631E871-E549-4CCE-96CD-E6B43D85491A}.Release|x64.ActiveCfg = Release|x64
		{B631E871-E549-4CCE-96CD-E6B43D85491A}.Release|x64.Build.0 = Release|x64
		{B631E871-E549-4CCE-96CD-E6B43D85491A}.Release|x86.ActiveCfg = Release|Win32
		{B631E871-E549-4CCE-96CD-E6B43D85491A}.Release|x86.Build.0 = Release|Win32
		{C2297E83-E90B-41BE-9524-22DE21ACC556}.Debug|x64.ActiveCfg = Debug|x64
		{C2297E83-E90B-41BE-9524-22DE21ACC556}.Debug|x64.Build.0 = Debug|x64
		{C2297E83-E90B-41BE-9524-22DE21ACC556}.Debug|x86.ActiveCfg = Debug|Win32
		{C2297E83-E90B-41BE-9524-22DE21ACC556}.Debug|x86.Build.0 = Debug|Win32
		{C2297E83-E90B-41BE-9524-22DE21ACC556}.Release|x64.ActiveCfg = Release|x64
		{C2297E83-E90B-41BE-9524-22DE21ACC556}.Release|x64.Build.0 = Release|x64
		{C2297E83-E90B-41BE-9524-22DE21ACC556}.Release|x86.ActiveCfg = Release|Win32
		{C2297E83-E90B-41BE-9524-22DE21ACC556}.Release|x86.Build.0 = Release|Win32
		{9B82E7C5-B1D5-4BFA-83A9-E75F31E3F478}.Debug|x64.ActiveCfg = Debug|x64
		{9B82E7C5-B1D5-4BFA-83A9-E75F31E3F478}.Debug|x64.Build.0 = Debug|x64
		{9B82E7C5-B1D5-4BFA-83A9-E75F31E3F478}.Debug|x86.ActiveCfg = Debug|Win32
		{9B82E7C5-B1D5-4BFA-83A9-E75F31E3F478}.Debug|x86.Build.0 = Debug|Win32
		{9B82E7C5-B1D5-4BFA-83A9-E75F31E3F478}.Release|x64.ActiveCfg = Release|x64
		{9B82E7C5-B1D5-4BFA-83A9-E75F31E3F478}.Release|x64.Build.0 = Release|x64
		{9B82E7C5-B1D5-4BFA-83A9-E75F31E3F478}.Release|x86.ActiveCfg = Release|Win32
		{9B82E7C5-B1D5-4BFA-83A9-E75F31E3F478}.Release|x86.Build.0 = Release|Win32
		{A17E93D0-9BCC-4F6C-A53E-0E30C9F01A3E}.Debug|x64.ActiveCfg = Debug|x64
		{A17E93D0-9BCC-4F6C-A53E-0E30C9F01A3E}.Debug|x64.Build.0 = Debug|x64
		{A17E93D0-9BCC-4F6C-A53E-0E30C9F01A3E}.Debug|x86.ActiveCfg = Debug|Win32
		{A17E93D0-9BCC-4F6C-A53E-0E30C9F01A3E}.Debug|x86.Build.0 = Debug|Win32
		{A17E93D0-9BCC-4F6C-A53E-0E30C9F01A3E}.Release|x64.ActiveCfg = Release|x64
		{A17E93D0-9BCC-4F6C-A53E-0E30C9F01A3E}.Release|x64.Build.0 = Release|x64
		{A17E93D0-9BCC-4F6C-A53E-0E30C9F01A3E}.Release|x86.ActiveCfg = Release|Win32
		{A17E93D0-9BCC-4F6C-A53E-0E30C9F01A3E}.Release|x86.Build.0 = Release|Win32
		{34705E30-E61A-4E6E-A7D6-28056B9F0F53}.Debug|x64.ActiveCfg = Debug|x64
		{34705E30-E61A-4E6E-A7D6-28056B9F0F53}.Debug|x64.Build.0 = Debug|x64
		{34705E30-E61A-4E6E-A7D6-28056B9F0F53}.Debug|x86.ActiveCfg = Debug|Win32
		{34705E30-E61A-4E6E-A7D6-28056B9F0F53}.Debug|x86.Build.0 = Debug|Win32
		{34705E30-E61A-4E6E-A7D6-28056B9F0F53}.Release|x64.ActiveCfg = Release|x64
		{34705E30-E61A-4E6E-A7D6-28056B9F0F53}.Release|x64.Build.0 = Release|x64
		{34705E30-E61A-4E6E-A7D6-28056B9F0F53}.Release|x86.ActiveCfg = Release|Win32
		{34705E30-E61A-4E6E-A7D6-28056B9F0F53}.Release|x86.Build.0 = Release|Win32
		{2E2E5D15-836F-4F25-8A8A-EE200825F9F4}.Debug|x64.ActiveCfg = Debug|x64
		{2E2E5D15-836F-4F25-8A8A-EE200825F9F4}.Debug|x64.Build.0 = Debug|x64
		{2E2E5D15-836F-4F25-8A8A-EE200825F9F4}.Debug|x86.ActiveCfg = Debug|Win32
		{2E2E5D15-836F-4F25-8A8A-EE200825F9F4}.Debug|x86.Build.0 = Debug|Win32
		{2E2E5D15-836F-4F25-8A8A-EE200825F9F4}.Release|x64.ActiveCfg = Release|x64
		{2E2E5D15-836F-4F25-8A8A-EE200825F9F4}.Release|x64.Build.0 = Release|x64
		{2E2E5D15-836F-4F25-8A8A-EE200825F9F4}.Release|x86.ActiveCfg = Release|Win32
		{2E2E5D15-836F-4F25-8A8A-EE200825F9F4}.Release|x86.Build.0 = Release|Win32
		{3F77546A-75C1-4939-8B52-A8996E535E11}.Debug|x64.ActiveCfg = Debug|x64
		{3F77546A-75C1-4939-8B52-A8996E535E11}.Debug|x64.Build.0 = Debug|x64
		{3F77546A-75C1-4939-8B52-A8996E535E11}.Debug|x86.ActiveCfg = Debug|Win32
		{3F77546A-75C1-4939-8B52-A8996E535E11}.Debug|x86.Build.0 = Debug|Win32
		{3F77546A-75C1-4939-8B52-A8996E535E11}.Release|x64.ActiveCfg = Release|x64
		{3F77546A-75C1-4939-8B52-A8996E535E11}.Release|x64.Build.0 = Release|x64
		{3F77546A-75C1-4939-8B52-A8996E535E11}.Release|x86.ActiveCfg = Release|Win32
		{3F77546A-75C1-4939-8B52-A8996E535E11}.Release|x86.Build.0 = Release|Win32
		{CBCD20AF-1C7D-49ED-920B-677F581B3DE2}.Debug|x64.ActiveCfg = Debug|x64
		{CBCD20AF-1C7D-49ED-920B-677F581B3DE2}.Debug|x64.Build.0 = Debug|x64
		{CBCD20AF-1C7D-49ED-920B-677F581B3DE2}.Debug|x86.ActiveCfg = Debug|Win32
		{CBCD20AF-1C7D-49ED-920B-677F581B3DE2}.Debug|x86.Build.0 = Debug|Win32
		{CBCD20AF-1C7D-49ED-920B-677F581B3DE2}.Release|x64.ActiveCfg = Release|x64
		{CBCD20AF-1C7D-49ED-920B-677F581B3DE2}.Release|x64.Build.0 = Release|x64
		{CBCD20AF-1C7D-49ED-920B-677F581B3DE2}.Release|x86.ActiveCfg = Release|Win32
		{CBCD20AF-1C7D-49ED-920B-677F581B3DE2}.Release|x86.Build.0 = Release|Win32
		{76220128-9EDE-4031-B0A7-29FED21E71C3}.Debug|x64.ActiveCfg = Debug|x64
		{76220128-9EDE-4031-B0A7-29FED21E71C3}.Debug|x64.Build.0 = Debug|x64
		{76220128-9EDE-4031-B0A7-29FED21E71C3}.Debug|x86.ActiveCfg = Debug|Win32
		{76220128-9EDE-4031-B0A7-29FED21E71C3}.Debug|x86.Build.0 = Debug|Win32
		{76220128-9EDE-4031-B0A7-29FED21E71C3}.Release|x64.ActiveCfg = Release|x64
		{76220128-9EDE-4031-B0A7-29FED21E71C3}.Release|x64.Build.0 = Release|x64
		{76220128-9EDE-4031-B0A7-29FED21E71C3}.Release|x86.ActiveCfg = Release|Win32
		{76220128-9EDE-4031-B0A7-29FED21E71C3}.Release|x86.Build.0 = Release|Win32
		{C0DA8E1B-4510-47C3-B912-FC893D1622DE}.Debug|x64.ActiveCfg = Debug|x64
		{C0DA8E1B-4510-47C3-B912-FC893D1622DE}.Debug|x64.Build.0 = Debug|x64
		{C0DA8E1B-4510-47C3-B912-FC893D1622DE}.Debug|x86.ActiveCfg = Debug|Win32
		{C0DA8E1B-4510-47C3-B912-FC893D1622DE}.Debug|x86.Build.0 = Debug|Win32
		{C0DA8E1B-4510-47C3-B912-FC893D1622DE}.Release|x64.ActiveCfg = Release|x64
		{C0DA8E1B-4510-47C3-B912-FC893D1622DE}.Release|x64.Build.0 = Release|x64
		{C0DA8E1B-4510-47C3-B912-FC893D1622DE}.Release|x86.ActiveCfg = Release|Win32
		{C0DA8E1B-4510-47C3-B912-FC893D1622DE}.Release|x86.Build.0 = Release|Win32
		{CDDE49AE-66CB-4FDB-BEA5-AE32ACFF3F73}.Debug|x64.ActiveCfg = Debug|x64
		{CDDE49AE-66CB-4FDB-BEA5-AE32ACFF3F73}.Debug|x64.Build.0 = Debug|x64
		{CDDE49AE-66CB-4FDB-BEA5-AE32ACFF3F73}.Debug|x86.ActiveCfg = Debug|Win32
		{CDDE49AE-66CB-4FDB-BEA5-AE32ACFF3F73}.Debug|x86.Build.0 = Debug|Win32
		{CDDE49AE-66CB-4FDB-BEA5-AE32ACFF3F73}.Release|x64.ActiveCfg = Release|x64
		{CDDE49AE-66CB-4FDB-BEA5-AE32ACFF3F73}.Release|x64.Build.0 = Release|x64
		{CDDE49AE-66CB-4FDB-BEA5-AE32ACFF3F73}.Release|x86.ActiveCfg = Release|Win32
		{CDDE49AE-66CB-4FDB-BEA5-AE32ACFF3F73}.Release|x86.Build.0 = Release|Win32
		{A5A2B2E2-605C-4990-9489-122AF13BCB9D}.Debug|x64.ActiveCfg = Debug|x64
		{A5A2B2E2-605C-4990-9489-122AF13BCB9D}.Debug|x64.Build.0 = Debug|x64
		{A5A2B2E2-605C-4990-9489-122AF13BCB9D}.Debug|x86.ActiveCfg = Debug|Win32
		{A5A2B2E2-605C-4990-9489-122AF13BCB9D}.Debug|x86.Build.0 = Debug|Win32
		{A5A2B2E2-605C-4990-9489-122AF13BCB9D}.Release|x64.ActiveCfg = Release|x64
		{A5A2B2E2-605C-4990-9489-122AF13BCB9D}.Release|x64.Build.0 = Release|x64
		{A5A2B2E2-605C-4990-9489-122AF13BCB9D}.Release|x86.ActiveCfg = Release|Win32
		{A5A2B2E2-605C-4990-9489-122AF13BCB9D}.Release|x86.Build.0 = Release|Win32
	EndGlobalSection
	GlobalSection(SolutionProperties) = preSolution
		HideSolutionNode = FALSE
	EndGlobalSection
	GlobalSection(ExtensibilityGlobals) = postSolution
		SolutionGuid = {98937DE2-7351-4172-BAA8-A1CC572B8693}
	EndGlobalSection
EndGlobal
