
Microsoft Visual Studio Solution File, Format Version 12.00
# Visual Studio Version 16
VisualStudioVersion = 16.0.32802.440
MinimumVisualStudioVersion = 10.0.40219.1
Project("{8BC9CEB8-8B4A-11D0-8D11-00A0C91BC942}") = "01 打印Hello World", "01 打印Hello World\01 打印Hello World.vcxproj", "{12A0A74A-9768-42EA-AA07-5AE15644B947}"
EndProject
Project("{8BC9CEB8-8B4A-11D0-8D11-00A0C91BC942}") = "02 字符和字符串", "02 字符和字符串\02 字符和字符串.vcxproj", "{3CA04EFC-4364-45AB-814C-DE27B542B6D5}"
EndProject
Project("{8BC9CEB8-8B4A-11D0-8D11-00A0C91BC942}") = "03 数据输入", "03 数据输入\03 数据输入.vcxproj", "{83586B26-8176-4B2B-8640-CCC4872D4458}"
EndProject
Project("{8BC9CEB8-8B4A-11D0-8D11-00A0C91BC942}") = "04 取模运算", "04 取模运算\04 取模运算.vcxproj", "{38F5EED8-A35A-46F7-A1A5-3351DDC4B48A}"
EndProject
Project("{8BC9CEB8-8B4A-11D0-8D11-00A0C91BC942}") = "05 三只小猪称体重", "05 三只小猪称体重\05 三只小猪称体重.vcxproj", "{66A862C9-8201-4BCC-8AD5-7F354ED0D866}"
EndProject
Project("{8BC9CEB8-8B4A-11D0-8D11-00A0C91BC942}") = "06 三目运算符", "06 三目运算符\06 三目运算符.vcxproj", "{87EC619A-A5FA-46CD-9346-69A0BA50ED29}"
EndProject
Project("{8BC9CEB8-8B4A-11D0-8D11-00A0C91BC942}") = "07 猜数字", "07 猜数字\07 猜数字.vcxproj", "{1DDA5AD2-72A2-4BE3-98ED-3FF36409D42D}"
EndProject
Project("{8BC9CEB8-8B4A-11D0-8D11-00A0C91BC942}") = "08 水仙花数", "08 水仙花数\08 水仙花数.vcxproj", "{B69475AB-5013-4B11-8C7C-AE53B3C2E600}"
EndProject
Project("{8BC9CEB8-8B4A-11D0-8D11-00A0C91BC942}") = "09 敲桌子", "09 敲桌子\09 敲桌子.vcxproj", "{B631E871-E549-4CCE-96CD-E6B43D85491A}"
EndProject
Project("{8BC9CEB8-8B4A-11D0-8D11-00A0C91BC942}") = "10 乘法口诀表", "10 乘法口诀表\10 乘法口诀表.vcxproj", "{C2297E83-E90B-41BE-9524-22DE21ACC556}"
EndProject
Project("{8BC9CEB8-8B4A-11D0-8D11-00A0C91BC942}") = "11 找到数组中的最大元素", "11 找到数组中的最大元素\11 找到数组中的最大元素.vcxproj", "{9B82E7C5-B1D5-4BFA-83A9-E75F31E3F478}"
EndProject
Project("{8BC9CEB8-8B4A-11D0-8D11-00A0C91BC942}") = "12 元素逆置", "12 元素逆置\12 元素逆置.vcxproj", "{A17E93D0-9BCC-4F6C-A53E-0E30C9F01A3E}"
EndProject
Project("{8BC9CEB8-8B4A-11D0-8D11-00A0C91BC942}") = "13 冒泡排序", "13 冒泡排序\13 冒泡排序.vcxproj", "{34705E30-E61A-4E6E-A7D6-28056B9F0F53}"
EndProject
Project("{8BC9CEB8-8B4A-11D0-8D11-00A0C91BC942}") = "14 函数的分文件编写", "14 函数的分文件编写\14 函数的分文件编写.vcxproj", "{2E2E5D15-836F-4F25-8A8A-EE200825F9F4}"
EndProject
Project("{8BC9CEB8-8B4A-11D0-8D11-00A0C91BC942}") = "15 指针配合数组和函数的案例", "15 指针配合数组和函数的案例\15 指针配合数组和函数的案例.vcxproj", "{3F77546A-75C1-4939-8B52-A8996E535E11}"
EndProject
Project("{8BC9CEB8-8B4A-11D0-8D11-00A0C91BC942}") = "16 结构体", "16 结构体\16 结构体.vcxproj", "{CBCD20AF-1C7D-49ED-920B-677F581B3DE2}"
EndProject
Project("{8BC9CEB8-8B4A-11D0-8D11-00A0C91BC942}") = "17 结构体嵌套结构体", "17 结构体嵌套结构体\17 结构体嵌套结构体.vcxproj", "{76220128-9EDE-4031-B0A7-29FED21E71C3}"
EndProject
Project("{8BC9CEB8-8B4A-11D0-8D11-00A0C91BC942}") = "18 结构体案例", "18 结构体案例\18 结构体案例.vcxproj", "{C0DA8E1B-4510-47C3-B912-FC893D1622DE}"
EndProject
Project("{8BC9CEB8-8B4A-11D0-8D11-00A0C91BC942}") = "19 结构体案例2", "19 结构体案例2\19 结构体案例2.vcxproj", "{CDDE49AE-66CB-4FDB-BEA5-AE32ACFF3F73}"
EndProject
Project("{8BC9CEB8-8B4A-11D0-8D11-00A0C91BC942}") = "20 通讯录管理系统", "20 通讯录管理系统\20 通讯录管理系统.vcxproj", "{A5A2B2E2-605C-4990-9489-122AF13BCB9D}"
EndProject
Project("{8BC9CEB8-8B4A-11D0-8D11-00A0C91BC942}") = "21 设计立方体类", "21 设计立方体类\21 设计立方体类.vcxproj", "{6206D8E4-5203-467A-AD4A-0144DCB1BCCD}"
EndProject
Project("{8BC9CEB8-8B4A-11D0-8D11-00A0C91BC942}") = "22 点和圆的关系", "22 点和圆的关系\22 点和圆的关系.vcxproj", "{03560614-A4E2-4F39-B584-0597DA017F04}"
EndProject
Project("{8BC9CEB8-8B4A-11D0-8D11-00A0C91BC942}") = "23 构造函数的分类及调用", "23 构造函数的分类及调用\23 构造函数的分类及调用.vcxproj", "{CEDF9969-45F8-42A6-81E7-5626D7FB60AF}"
EndProject
Project("{8BC9CEB8-8B4A-11D0-8D11-00A0C91BC942}") = "24 拷贝构造函数调用时机", "24 拷贝构造函数调用时机\24 拷贝构造函数调用时机.vcxproj", "{9EE5D9EF-C369-4948-84F2-A31832CBD23E}"
EndProject
Project("{8BC9CEB8-8B4A-11D0-8D11-00A0C91BC942}") = "25 类对象作为类成员", "25 类对象作为类成员\25 类对象作为类成员.vcxproj", "{7AC93868-A66B-465B-933C-45BB6495EDBF}"
EndProject
Project("{8BC9CEB8-8B4A-11D0-8D11-00A0C91BC942}") = "26 静态成员与静态成员函数", "26 静态成员与静态成员函数\26 静态成员与静态成员函数.vcxproj", "{6CBD60B6-841B-4B94-8A36-2642661E8E13}"
EndProject
Project("{8BC9CEB8-8B4A-11D0-8D11-00A0C91BC942}") = "27 this指针", "27 this指针\27 this指针.vcxproj", "{6CBF1AE1-F9FF-4694-8FA0-C00FF35D5C6D}"
EndProject
Project("{8BC9CEB8-8B4A-11D0-8D11-00A0C91BC942}") = "28 const修饰成员函数", "28 const修饰成员函数\28 const修饰成员函数.vcxproj", "{267DF8FB-8209-4084-8323-96DF1D08E122}"
EndProject
Project("{8BC9CEB8-8B4A-11D0-8D11-00A0C91BC942}") = "29 友元", "29 友元\29 友元.vcxproj", "{8AA0EDCF-F04B-42E7-8478-AC784E2ECC78}"
EndProject
Project("{8BC9CEB8-8B4A-11D0-8D11-00A0C91BC942}") = "30 对象 对象指针 对象引用", "30 对象 对象指针 对象引用\30 对象 对象指针 对象引用.vcxproj", "{2AB5CDC9-62C4-4C10-B05B-1633B00CCD3B}"
EndProject
Project("{8BC9CEB8-8B4A-11D0-8D11-00A0C91BC942}") = "31 运算符重载", "31 运算符重载\31 运算符重载.vcxproj", "{A5AA1431-815C-49AE-8502-2D38F4C6352B}"
EndProject
Project("{8BC9CEB8-8B4A-11D0-8D11-00A0C91BC942}") = "32 继承", "32 继承\32 继承.vcxproj", "{75F8CC09-4BC5-4754-ACE9-29AB8F74493F}"
EndProject
Project("{8BC9CEB8-8B4A-11D0-8D11-00A0C91BC942}") = "33 多态", "33 多态\33 多态.vcxproj", "{E9D191BF-F51F-43F5-A677-D6DAD524B7AD}"
EndProject
Project("{8BC9CEB8-8B4A-11D0-8D11-00A0C91BC942}") = "34 文件操作", "34 文件操作\34 文件操作.vcxproj", "{A905A832-F6C1-4B3A-BEFB-297F769313D6}"
EndProject
Project("{8BC9CEB8-8B4A-11D0-8D11-00A0C91BC942}") = "35 职工管理系统", "35 职工管理系统\35 职工管理系统.vcxproj", "{BE8883F9-423E-4C9D-AD0C-E42E06754F8D}"
EndProject
Project("{8BC9CEB8-8B4A-11D0-8D11-00A0C91BC942}") = "36 模板", "36 模板\36 模板.vcxproj", "{1EC09B74-A49E-43FA-B0C0-6A58B8F6FA6E}"
EndProject
Project("{8BC9CEB8-8B4A-11D0-8D11-00A0C91BC942}") = "37 类模板案例", "37 类模板案例\37 类模板案例.vcxproj", "{38902719-8A82-418D-99BF-F428F937F3B4}"
EndProject
Project("{8BC9CEB8-8B4A-11D0-8D11-00A0C91BC942}") = "38 STL初识-vector容器", "38 STL初识-vector容器\38 STL初识-vector容器.vcxproj", "{2433EA84-8CD5-4737-9385-CC4C3DC6944B}"
EndProject
Project("{8BC9CEB8-8B4A-11D0-8D11-00A0C91BC942}") = "39 STL初识-string容器", "39 STL初识-string容器\39 STL初识-string容器.vcxproj", "{EAC9D4D8-015E-4A31-B376-4DE568BED2F9}"
EndProject
Project("{8BC9CEB8-8B4A-11D0-8D11-00A0C91BC942}") = "40 vector容器", "40 vector容器\40 vector容器.vcxproj", "{13A77EBC-244E-4FC1-8090-524DBC769B33}"
EndProject
Project("{8BC9CEB8-8B4A-11D0-8D11-00A0C91BC942}") = "41 deque容器", "41 deque容器\41 deque容器.vcxproj", "{1E0E2862-F041-40CC-9428-5B6B883632D3}"
EndProject
Project("{8BC9CEB8-8B4A-11D0-8D11-00A0C91BC942}") = "42 STL案例1-评委打分", "42 STL案例1-评委打分\42 STL案例1-评委打分.vcxproj", "{592B255B-8B50-40BB-9AAF-69B28433231E}"
EndProject
Project("{8BC9CEB8-8B4A-11D0-8D11-00A0C91BC942}") = "43 list容器", "43 list容器\43 list容器.vcxproj", "{54438C59-D113-45F0-92A2-E5663932ADB8}"
EndProject
Project("{8BC9CEB8-8B4A-11D0-8D11-00A0C91BC942}") = "44 set容器", "44 set容器\44 set容器.vcxproj", "{A30E8596-8E44-455D-8CAC-F69E23AF9D86}"
EndProject
Project("{8BC9CEB8-8B4A-11D0-8D11-00A0C91BC942}") = "45 map容器", "45 map容器\45 map容器.vcxproj", "{FD47C471-7C0C-4BD0-9EAA-01D1CE9C7DD5}"
EndProject
Project("{8BC9CEB8-8B4A-11D0-8D11-00A0C91BC942}") = "46 STL案例2-员工分组", "46 STL案例2-员工分组\46 STL案例2-员工分组.vcxproj", "{4F0901D4-12F3-41CF-84B5-A9DAEA2545D2}"
EndProject
Project("{8BC9CEB8-8B4A-11D0-8D11-00A0C91BC942}") = "47 STL函数对象", "47 STL函数对象\47 STL函数对象.vcxproj", "{649BFF5C-54C4-48D4-B073-00A5E868FD50}"
EndProject
Project("{8BC9CEB8-8B4A-11D0-8D11-00A0C91BC942}") = "48 STL常用算法", "48 STL常用算法\48 STL常用算法.vcxproj", "{AAF30CAC-5109-454F-913A-92AB9621A93B}"
EndProject
Project("{8BC9CEB8-8B4A-11D0-8D11-00A0C91BC942}") = "49 基于STL的演讲比赛流程管理系统", "49 基于STL的演讲比赛流程管理系统\49 基于STL的演讲比赛流程管理系统.vcxproj", "{11C7AE72-ED6F-4D96-9A51-9BFD44CA12F6}"
EndProject
Global
	GlobalSection(SolutionConfigurationPlatforms) = preSolution
		Debug|x64 = Debug|x64
		Debug|x86 = Debug|x86
		Release|x64 = Release|x64
		Release|x86 = Release|x86
	EndGlobalSection
	GlobalSection(ProjectConfigurationPlatforms) = postSolution
		{12A0A74A-9768-42EA-AA07-5AE15644B947}.Debug|x64.ActiveCfg = Debug|x64
		{12A0A74A-9768-42EA-AA07-5AE15644B947}.Debug|x64.Build.0 = Debug|x64
		{12A0A74A-9768-42EA-AA07-5AE15644B947}.Debug|x86.ActiveCfg = Debug|Win32
		{12A0A74A-9768-42EA-AA07-5AE15644B947}.Debug|x86.Build.0 = Debug|Win32
		{12A0A74A-9768-42EA-AA07-5AE15644B947}.Release|x64.ActiveCfg = Release|x64
		{12A0A74A-9768-42EA-AA07-5AE15644B947}.Release|x64.Build.0 = Release|x64
		{12A0A74A-9768-42EA-AA07-5AE15644B947}.Release|x86.ActiveCfg = Release|Win32
		{12A0A74A-9768-42EA-AA07-5AE15644B947}.Release|x86.Build.0 = Release|Win32
		{3CA04EFC-4364-45AB-814C-DE27B542B6D5}.Debug|x64.ActiveCfg = Debug|x64
		{3CA04EFC-4364-45AB-814C-DE27B542B6D5}.Debug|x64.Build.0 = Debug|x64
		{3CA04EFC-4364-45AB-814C-DE27B542B6D5}.Debug|x86.ActiveCfg = Debug|Win32
		{3CA04EFC-4364-45AB-814C-DE27B542B6D5}.Debug|x86.Build.0 = Debug|Win32
		{3CA04EFC-4364-45AB-814C-DE27B542B6D5}.Release|x64.ActiveCfg = Release|x64
		{3CA04EFC-4364-45AB-814C-DE27B542B6D5}.Release|x64.Build.0 = Release|x64
		{3CA04EFC-4364-45AB-814C-DE27B542B6D5}.Release|x86.ActiveCfg = Release|Win32
		{3CA04EFC-4364-45AB-814C-DE27B542B6D5}.Release|x86.Build.0 = Release|Win32
		{83586B26-8176-4B2B-8640-CCC4872D4458}.Debug|x64.ActiveCfg = Debug|x64
		{83586B26-8176-4B2B-8640-CCC4872D4458}.Debug|x64.Build.0 = Debug|x64
		{83586B26-8176-4B2B-8640-CCC4872D4458}.Debug|x86.ActiveCfg = Debug|Win32
		{83586B26-8176-4B2B-8640-CCC4872D4458}.Debug|x86.Build.0 = Debug|Win32
		{83586B26-8176-4B2B-8640-CCC4872D4458}.Release|x64.ActiveCfg = Release|x64
		{83586B26-8176-4B2B-8640-CCC4872D4458}.Release|x64.Build.0 = Release|x64
		{83586B26-8176-4B2B-8640-CCC4872D4458}.Release|x86.ActiveCfg = Release|Win32
		{83586B26-8176-4B2B-8640-CCC4872D4458}.Release|x86.Build.0 = Release|Win32
		{38F5EED8-A35A-46F7-A1A5-3351DDC4B48A}.Debug|x64.ActiveCfg = Debug|x64
		{38F5EED8-A35A-46F7-A1A5-3351DDC4B48A}.Debug|x64.Build.0 = Debug|x64
		{38F5EED8-A35A-46F7-A1A5-3351DDC4B48A}.Debug|x86.ActiveCfg = Debug|Win32
		{38F5EED8-A35A-46F7-A1A5-3351DDC4B48A}.Debug|x86.Build.0 = Debug|Win32
		{38F5EED8-A35A-46F7-A1A5-3351DDC4B48A}.Release|x64.ActiveCfg = Release|x64
		{38F5EED8-A35A-46F7-A1A5-3351DDC4B48A}.Release|x64.Build.0 = Release|x64
		{38F5EED8-A35A-46F7-A1A5-3351DDC4B48A}.Release|x86.ActiveCfg = Release|Win32
		{38F5EED8-A35A-46F7-A1A5-3351DDC4B48A}.Release|x86.Build.0 = Release|Win32
		{66A862C9-8201-4BCC-8AD5-7F354ED0D866}.Debug|x64.ActiveCfg = Debug|x64
		{66A862C9-8201-4BCC-8AD5-7F354ED0D866}.Debug|x64.Build.0 = Debug|x64
		{66A862C9-8201-4BCC-8AD5-7F354ED0D866}.Debug|x86.ActiveCfg = Debug|Win32
		{66A862C9-8201-4BCC-8AD5-7F354ED0D866}.Debug|x86.Build.0 = Debug|Win32
		{66A862C9-8201-4BCC-8AD5-7F354ED0D866}.Release|x64.ActiveCfg = Release|x64
		{66A862C9-8201-4BCC-8AD5-7F354ED0D866}.Release|x64.Build.0 = Release|x64
		{66A862C9-8201-4BCC-8AD5-7F354ED0D866}.Release|x86.ActiveCfg = Release|Win32
		{66A862C9-8201-4BCC-8AD5-7F354ED0D866}.Release|x86.Build.0 = Release|Win32
		{87EC619A-A5FA-46CD-9346-69A0BA50ED29}.Debug|x64.ActiveCfg = Debug|x64
		{87EC619A-A5FA-46CD-9346-69A0BA50ED29}.Debug|x64.Build.0 = Debug|x64
		{87EC619A-A5FA-46CD-9346-69A0BA50ED29}.Debug|x86.ActiveCfg = Debug|Win32
		{87EC619A-A5FA-46CD-9346-69A0BA50ED29}.Debug|x86.Build.0 = Debug|Win32
		{87EC619A-A5FA-46CD-9346-69A0BA50ED29}.Release|x64.ActiveCfg = Release|x64
		{87EC619A-A5FA-46CD-9346-69A0BA50ED29}.Release|x64.Build.0 = Release|x64
		{87EC619A-A5FA-46CD-9346-69A0BA50ED29}.Release|x86.ActiveCfg = Release|Win32
		{87EC619A-A5FA-46CD-9346-69A0BA50ED29}.Release|x86.Build.0 = Release|Win32
		{1DDA5AD2-72A2-4BE3-98ED-3FF36409D42D}.Debug|x64.ActiveCfg = Debug|x64
		{1DDA5AD2-72A2-4BE3-98ED-3FF36409D42D}.Debug|x64.Build.0 = Debug|x64
		{1DDA5AD2-72A2-4BE3-98ED-3FF36409D42D}.Debug|x86.ActiveCfg = Debug|Win32
		{1DDA5AD2-72A2-4BE3-98ED-3FF36409D42D}.Debug|x86.Build.0 = Debug|Win32
		{1DDA5AD2-72A2-4BE3-98ED-3FF36409D42D}.Release|x64.ActiveCfg = Release|x64
		{1DDA5AD2-72A2-4BE3-98ED-3FF36409D42D}.Release|x64.Build.0 = Release|x64
		{1DDA5AD2-72A2-4BE3-98ED-3FF36409D42D}.Release|x86.ActiveCfg = Release|Win32
		{1DDA5AD2-72A2-4BE3-98ED-3FF36409D42D}.Release|x86.Build.0 = Release|Win32
		{B69475AB-5013-4B11-8C7C-AE53B3C2E600}.Debug|x64.ActiveCfg = Debug|x64
		{B69475AB-5013-4B11-8C7C-AE53B3C2E600}.Debug|x64.Build.0 = Debug|x64
		{B69475AB-5013-4B11-8C7C-AE53B3C2E600}.Debug|x86.ActiveCfg = Debug|Win32
		{B69475AB-5013-4B11-8C7C-AE53B3C2E600}.Debug|x86.Build.0 = Debug|Win32
		{B69475AB-5013-4B11-8C7C-AE53B3C2E600}.Release|x64.ActiveCfg = Release|x64
		{B69475AB-5013-4B11-8C7C-AE53B3C2E600}.Release|x64.Build.0 = Release|x64
		{B69475AB-5013-4B11-8C7C-AE53B3C2E600}.Release|x86.ActiveCfg = Release|Win32
		{B69475AB-5013-4B11-8C7C-AE53B3C2E600}.Release|x86.Build.0 = Release|Win32
		{B631E871-E549-4CCE-96CD-E6B43D85491A}.Debug|x64.ActiveCfg = Debug|x64
		{B631E871-E549-4CCE-96CD-E6B43D85491A}.Debug|x64.Build.0 = Debug|x64
		{B631E871-E549-4CCE-96CD-E6B43D85491A}.Debug|x86.ActiveCfg = Debug|Win32
		{B631E871-E549-4CCE-96CD-E6B43D85491A}.Debug|x86.Build.0 = Debug|Win32
		{B631E871-E549-4CCE-96CD-E6B43D85491A}.Release|x64.ActiveCfg = Release|x64
		{B631E871-E549-4CCE-96CD-E6B43D85491A}.Release|x64.Build.0 = Release|x64
		{B631E871-E549-4CCE-96CD-E6B43D85491A}.Release|x86.ActiveCfg = Release|Win32
		{B631E871-E549-4CCE-96CD-E6B43D85491A}.Release|x86.Build.0 = Release|Win32
		{C2297E83-E90B-41BE-9524-22DE21ACC556}.Debug|x64.ActiveCfg = Debug|x64
		{C2297E83-E90B-41BE-9524-22DE21ACC556}.Debug|x64.Build.0 = Debug|x64
		{C2297E83-E90B-41BE-9524-22DE21ACC556}.Debug|x86.ActiveCfg = Debug|Win32
		{C2297E83-E90B-41BE-9524-22DE21ACC556}.Debug|x86.Build.0 = Debug|Win32
		{C2297E83-E90B-41BE-9524-22DE21ACC556}.Release|x64.ActiveCfg = Release|x64
		{C2297E83-E90B-41BE-9524-22DE21ACC556}.Release|x64.Build.0 = Release|x64
		{C2297E83-E90B-41BE-9524-22DE21ACC556}.Release|x86.ActiveCfg = Release|Win32
		{C2297E83-E90B-41BE-9524-22DE21ACC556}.Release|x86.Build.0 = Release|Win32
		{9B82E7C5-B1D5-4BFA-83A9-E75F31E3F478}.Debug|x64.ActiveCfg = Debug|x64
		{9B82E7C5-B1D5-4BFA-83A9-E75F31E3F478}.Debug|x64.Build.0 = Debug|x64
		{9B82E7C5-B1D5-4BFA-83A9-E75F31E3F478}.Debug|x86.ActiveCfg = Debug|Win32
		{9B82E7C5-B1D5-4BFA-83A9-E75F31E3F478}.Debug|x86.Build.0 = Debug|Win32
		{9B82E7C5-B1D5-4BFA-83A9-E75F31E3F478}.Release|x64.ActiveCfg = Release|x64
		{9B82E7C5-B1D5-4BFA-83A9-E75F31E3F478}.Release|x64.Build.0 = Release|x64
		{9B82E7C5-B1D5-4BFA-83A9-E75F31E3F478}.Release|x86.ActiveCfg = Release|Win32
		{9B82E7C5-B1D5-4BFA-83A9-E75F31E3F478}.Release|x86.Build.0 = Release|Win32
		{A17E93D0-9BCC-4F6C-A53E-0E30C9F01A3E}.Debug|x64.ActiveCfg = Debug|x64
		{A17E93D0-9BCC-4F6C-A53E-0E30C9F01A3E}.Debug|x64.Build.0 = Debug|x64
		{A17E93D0-9BCC-4F6C-A53E-0E30C9F01A3E}.Debug|x86.ActiveCfg = Debug|Win32
		{A17E93D0-9BCC-4F6C-A53E-0E30C9F01A3E}.Debug|x86.Build.0 = Debug|Win32
		{A17E93D0-9BCC-4F6C-A53E-0E30C9F01A3E}.Release|x64.ActiveCfg = Release|x64
		{A17E93D0-9BCC-4F6C-A53E-0E30C9F01A3E}.Release|x64.Build.0 = Release|x64
		{A17E93D0-9BCC-4F6C-A53E-0E30C9F01A3E}.Release|x86.ActiveCfg = Release|Win32
		{A17E93D0-9BCC-4F6C-A53E-0E30C9F01A3E}.Release|x86.Build.0 = Release|Win32
		{34705E30-E61A-4E6E-A7D6-28056B9F0F53}.Debug|x64.ActiveCfg = Debug|x64
		{34705E30-E61A-4E6E-A7D6-28056B9F0F53}.Debug|x64.Build.0 = Debug|x64
		{34705E30-E61A-4E6E-A7D6-28056B9F0F53}.Debug|x86.ActiveCfg = Debug|Win32
		{34705E30-E61A-4E6E-A7D6-28056B9F0F53}.Debug|x86.Build.0 = Debug|Win32
		{34705E30-E61A-4E6E-A7D6-28056B9F0F53}.Release|x64.ActiveCfg = Release|x64
		{34705E30-E61A-4E6E-A7D6-28056B9F0F53}.Release|x64.Build.0 = Release|x64
		{34705E30-E61A-4E6E-A7D6-28056B9F0F53}.Release|x86.ActiveCfg = Release|Win32
		{34705E30-E61A-4E6E-A7D6-28056B9F0F53}.Release|x86.Build.0 = Release|Win32
		{2E2E5D15-836F-4F25-8A8A-EE200825F9F4}.Debug|x64.ActiveCfg = Debug|x64
		{2E2E5D15-836F-4F25-8A8A-EE200825F9F4}.Debug|x64.Build.0 = Debug|x64
		{2E2E5D15-836F-4F25-8A8A-EE200825F9F4}.Debug|x86.ActiveCfg = Debug|Win32
		{2E2E5D15-836F-4F25-8A8A-EE200825F9F4}.Debug|x86.Build.0 = Debug|Win32
		{2E2E5D15-836F-4F25-8A8A-EE200825F9F4}.Release|x64.ActiveCfg = Release|x64
		{2E2E5D15-836F-4F25-8A8A-EE200825F9F4}.Release|x64.Build.0 = Release|x64
		{2E2E5D15-836F-4F25-8A8A-EE200825F9F4}.Release|x86.ActiveCfg = Release|Win32
		{2E2E5D15-836F-4F25-8A8A-EE200825F9F4}.Release|x86.Build.0 = Release|Win32
		{3F77546A-75C1-4939-8B52-A8996E535E11}.Debug|x64.ActiveCfg = Debug|x64
		{3F77546A-75C1-4939-8B52-A8996E535E11}.Debug|x64.Build.0 = Debug|x64
		{3F77546A-75C1-4939-8B52-A8996E535E11}.Debug|x86.ActiveCfg = Debug|Win32
		{3F77546A-75C1-4939-8B52-A8996E535E11}.Debug|x86.Build.0 = Debug|Win32
		{3F77546A-75C1-4939-8B52-A8996E535E11}.Release|x64.ActiveCfg = Release|x64
		{3F77546A-75C1-4939-8B52-A8996E535E11}.Release|x64.Build.0 = Release|x64
		{3F77546A-75C1-4939-8B52-A8996E535E11}.Release|x86.ActiveCfg = Release|Win32
		{3F77546A-75C1-4939-8B52-A8996E535E11}.Release|x86.Build.0 = Release|Win32
		{CBCD20AF-1C7D-49ED-920B-677F581B3DE2}.Debug|x64.ActiveCfg = Debug|x64
		{CBCD20AF-1C7D-49ED-920B-677F581B3DE2}.Debug|x64.Build.0 = Debug|x64
		{CBCD20AF-1C7D-49ED-920B-677F581B3DE2}.Debug|x86.ActiveCfg = Debug|Win32
		{CBCD20AF-1C7D-49ED-920B-677F581B3DE2}.Debug|x86.Build.0 = Debug|Win32
		{CBCD20AF-1C7D-49ED-920B-677F581B3DE2}.Release|x64.ActiveCfg = Release|x64
		{CBCD20AF-1C7D-49ED-920B-677F581B3DE2}.Release|x64.Build.0 = Release|x64
		{CBCD20AF-1C7D-49ED-920B-677F581B3DE2}.Release|x86.ActiveCfg = Release|Win32
		{CBCD20AF-1C7D-49ED-920B-677F581B3DE2}.Release|x86.Build.0 = Release|Win32
		{76220128-9EDE-4031-B0A7-29FED21E71C3}.Debug|x64.ActiveCfg = Debug|x64
		{76220128-9EDE-4031-B0A7-29FED21E71C3}.Debug|x64.Build.0 = Debug|x64
		{76220128-9EDE-4031-B0A7-29FED21E71C3}.Debug|x86.ActiveCfg = Debug|Win32
		{76220128-9EDE-4031-B0A7-29FED21E71C3}.Debug|x86.Build.0 = Debug|Win32
		{76220128-9EDE-4031-B0A7-29FED21E71C3}.Release|x64.ActiveCfg = Release|x64
		{76220128-9EDE-4031-B0A7-29FED21E71C3}.Release|x64.Build.0 = Release|x64
		{76220128-9EDE-4031-B0A7-29FED21E71C3}.Release|x86.ActiveCfg = Release|Win32
		{76220128-9EDE-4031-B0A7-29FED21E71C3}.Release|x86.Build.0 = Release|Win32
		{C0DA8E1B-4510-47C3-B912-FC893D1622DE}.Debug|x64.ActiveCfg = Debug|x64
		{C0DA8E1B-4510-47C3-B912-FC893D1622DE}.Debug|x64.Build.0 = Debug|x64
		{C0DA8E1B-4510-47C3-B912-FC893D1622DE}.Debug|x86.ActiveCfg = Debug|Win32
		{C0DA8E1B-4510-47C3-B912-FC893D1622DE}.Debug|x86.Build.0 = Debug|Win32
		{C0DA8E1B-4510-47C3-B912-FC893D1622DE}.Release|x64.ActiveCfg = Release|x64
		{C0DA8E1B-4510-47C3-B912-FC893D1622DE}.Release|x64.Build.0 = Release|x64
		{C0DA8E1B-4510-47C3-B912-FC893D1622DE}.Release|x86.ActiveCfg = Release|Win32
		{C0DA8E1B-4510-47C3-B912-FC893D1622DE}.Release|x86.Build.0 = Release|Win32
		{CDDE49AE-66CB-4FDB-BEA5-AE32ACFF3F73}.Debug|x64.ActiveCfg = Debug|x64
		{CDDE49AE-66CB-4FDB-BEA5-AE32ACFF3F73}.Debug|x64.Build.0 = Debug|x64
		{CDDE49AE-66CB-4FDB-BEA5-AE32ACFF3F73}.Debug|x86.ActiveCfg = Debug|Win32
		{CDDE49AE-66CB-4FDB-BEA5-AE32ACFF3F73}.Debug|x86.Build.0 = Debug|Win32
		{CDDE49AE-66CB-4FDB-BEA5-AE32ACFF3F73}.Release|x64.ActiveCfg = Release|x64
		{CDDE49AE-66CB-4FDB-BEA5-AE32ACFF3F73}.Release|x64.Build.0 = Release|x64
		{CDDE49AE-66CB-4FDB-BEA5-AE32ACFF3F73}.Release|x86.ActiveCfg = Release|Win32
		{CDDE49AE-66CB-4FDB-BEA5-AE32ACFF3F73}.Release|x86.Build.0 = Release|Win32
		{A5A2B2E2-605C-4990-9489-122AF13BCB9D}.Debug|x64.ActiveCfg = Debug|x64
		{A5A2B2E2-605C-4990-9489-122AF13BCB9D}.Debug|x64.Build.0 = Debug|x64
		{A5A2B2E2-605C-4990-9489-122AF13BCB9D}.Debug|x86.ActiveCfg = Debug|Win32
		{A5A2B2E2-605C-4990-9489-122AF13BCB9D}.Debug|x86.Build.0 = Debug|Win32
		{A5A2B2E2-605C-4990-9489-122AF13BCB9D}.Release|x64.ActiveCfg = Release|x64
		{A5A2B2E2-605C-4990-9489-122AF13BCB9D}.Release|x64.Build.0 = Release|x64
		{A5A2B2E2-605C-4990-9489-122AF13BCB9D}.Release|x86.ActiveCfg = Release|Win32
		{A5A2B2E2-605C-4990-9489-122AF13BCB9D}.Release|x86.Build.0 = Release|Win32
		{6206D8E4-5203-467A-AD4A-0144DCB1BCCD}.Debug|x64.ActiveCfg = Debug|x64
		{6206D8E4-5203-467A-AD4A-0144DCB1BCCD}.Debug|x64.Build.0 = Debug|x64
		{6206D8E4-5203-467A-AD4A-0144DCB1BCCD}.Debug|x86.ActiveCfg = Debug|Win32
		{6206D8E4-5203-467A-AD4A-0144DCB1BCCD}.Debug|x86.Build.0 = Debug|Win32
		{6206D8E4-5203-467A-AD4A-0144DCB1BCCD}.Release|x64.ActiveCfg = Release|x64
		{6206D8E4-5203-467A-AD4A-0144DCB1BCCD}.Release|x64.Build.0 = Release|x64
		{6206D8E4-5203-467A-AD4A-0144DCB1BCCD}.Release|x86.ActiveCfg = Release|Win32
		{6206D8E4-5203-467A-AD4A-0144DCB1BCCD}.Release|x86.Build.0 = Release|Win32
		{03560614-A4E2-4F39-B584-0597DA017F04}.Debug|x64.ActiveCfg = Debug|x64
		{03560614-A4E2-4F39-B584-0597DA017F04}.Debug|x64.Build.0 = Debug|x64
		{03560614-A4E2-4F39-B584-0597DA017F04}.Debug|x86.ActiveCfg = Debug|Win32
		{03560614-A4E2-4F39-B584-0597DA017F04}.Debug|x86.Build.0 = Debug|Win32
		{03560614-A4E2-4F39-B584-0597DA017F04}.Release|x64.ActiveCfg = Release|x64
		{03560614-A4E2-4F39-B584-0597DA017F04}.Release|x64.Build.0 = Release|x64
		{03560614-A4E2-4F39-B584-0597DA017F04}.Release|x86.ActiveCfg = Release|Win32
		{03560614-A4E2-4F39-B584-0597DA017F04}.Release|x86.Build.0 = Release|Win32
		{CEDF9969-45F8-42A6-81E7-5626D7FB60AF}.Debug|x64.ActiveCfg = Debug|x64
		{CEDF9969-45F8-42A6-81E7-5626D7FB60AF}.Debug|x64.Build.0 = Debug|x64
		{CEDF9969-45F8-42A6-81E7-5626D7FB60AF}.Debug|x86.ActiveCfg = Debug|Win32
		{CEDF9969-45F8-42A6-81E7-5626D7FB60AF}.Debug|x86.Build.0 = Debug|Win32
		{CEDF9969-45F8-42A6-81E7-5626D7FB60AF}.Release|x64.ActiveCfg = Release|x64
		{CEDF9969-45F8-42A6-81E7-5626D7FB60AF}.Release|x64.Build.0 = Release|x64
		{CEDF9969-45F8-42A6-81E7-5626D7FB60AF}.Release|x86.ActiveCfg = Release|Win32
		{CEDF9969-45F8-42A6-81E7-5626D7FB60AF}.Release|x86.Build.0 = Release|Win32
		{9EE5D9EF-C369-4948-84F2-A31832CBD23E}.Debug|x64.ActiveCfg = Debug|x64
		{9EE5D9EF-C369-4948-84F2-A31832CBD23E}.Debug|x64.Build.0 = Debug|x64
		{9EE5D9EF-C369-4948-84F2-A31832CBD23E}.Debug|x86.ActiveCfg = Debug|Win32
		{9EE5D9EF-C369-4948-84F2-A31832CBD23E}.Debug|x86.Build.0 = Debug|Win32
		{9EE5D9EF-C369-4948-84F2-A31832CBD23E}.Release|x64.ActiveCfg = Release|x64
		{9EE5D9EF-C369-4948-84F2-A31832CBD23E}.Release|x64.Build.0 = Release|x64
		{9EE5D9EF-C369-4948-84F2-A31832CBD23E}.Release|x86.ActiveCfg = Release|Win32
		{9EE5D9EF-C369-4948-84F2-A31832CBD23E}.Release|x86.Build.0 = Release|Win32
		{7AC93868-A66B-465B-933C-45BB6495EDBF}.Debug|x64.ActiveCfg = Debug|x64
		{7AC93868-A66B-465B-933C-45BB6495EDBF}.Debug|x64.Build.0 = Debug|x64
		{7AC93868-A66B-465B-933C-45BB6495EDBF}.Debug|x86.ActiveCfg = Debug|Win32
		{7AC93868-A66B-465B-933C-45BB6495EDBF}.Debug|x86.Build.0 = Debug|Win32
		{7AC93868-A66B-465B-933C-45BB6495EDBF}.Release|x64.ActiveCfg = Release|x64
		{7AC93868-A66B-465B-933C-45BB6495EDBF}.Release|x64.Build.0 = Release|x64
		{7AC93868-A66B-465B-933C-45BB6495EDBF}.Release|x86.ActiveCfg = Release|Win32
		{7AC93868-A66B-465B-933C-45BB6495EDBF}.Release|x86.Build.0 = Release|Win32
		{6CBD60B6-841B-4B94-8A36-2642661E8E13}.Debug|x64.ActiveCfg = Debug|x64
		{6CBD60B6-841B-4B94-8A36-2642661E8E13}.Debug|x64.Build.0 = Debug|x64
		{6CBD60B6-841B-4B94-8A36-2642661E8E13}.Debug|x86.ActiveCfg = Debug|Win32
		{6CBD60B6-841B-4B94-8A36-2642661E8E13}.Debug|x86.Build.0 = Debug|Win32
		{6CBD60B6-841B-4B94-8A36-2642661E8E13}.Release|x64.ActiveCfg = Release|x64
		{6CBD60B6-841B-4B94-8A36-2642661E8E13}.Release|x64.Build.0 = Release|x64
		{6CBD60B6-841B-4B94-8A36-2642661E8E13}.Release|x86.ActiveCfg = Release|Win32
		{6CBD60B6-841B-4B94-8A36-2642661E8E13}.Release|x86.Build.0 = Release|Win32
		{6CBF1AE1-F9FF-4694-8FA0-C00FF35D5C6D}.Debug|x64.ActiveCfg = Debug|x64
		{6CBF1AE1-F9FF-4694-8FA0-C00FF35D5C6D}.Debug|x64.Build.0 = Debug|x64
		{6CBF1AE1-F9FF-4694-8FA0-C00FF35D5C6D}.Debug|x86.ActiveCfg = Debug|Win32
		{6CBF1AE1-F9FF-4694-8FA0-C00FF35D5C6D}.Debug|x86.Build.0 = Debug|Win32
		{6CBF1AE1-F9FF-4694-8FA0-C00FF35D5C6D}.Release|x64.ActiveCfg = Release|x64
		{6CBF1AE1-F9FF-4694-8FA0-C00FF35D5C6D}.Release|x64.Build.0 = Release|x64
		{6CBF1AE1-F9FF-4694-8FA0-C00FF35D5C6D}.Release|x86.ActiveCfg = Release|Win32
		{6CBF1AE1-F9FF-4694-8FA0-C00FF35D5C6D}.Release|x86.Build.0 = Release|Win32
		{267DF8FB-8209-4084-8323-96DF1D08E122}.Debug|x64.ActiveCfg = Debug|x64
		{267DF8FB-8209-4084-8323-96DF1D08E122}.Debug|x64.Build.0 = Debug|x64
		{267DF8FB-8209-4084-8323-96DF1D08E122}.Debug|x86.ActiveCfg = Debug|Win32
		{267DF8FB-8209-4084-8323-96DF1D08E122}.Debug|x86.Build.0 = Debug|Win32
		{267DF8FB-8209-4084-8323-96DF1D08E122}.Release|x64.ActiveCfg = Release|x64
		{267DF8FB-8209-4084-8323-96DF1D08E122}.Release|x64.Build.0 = Release|x64
		{267DF8FB-8209-4084-8323-96DF1D08E122}.Release|x86.ActiveCfg = Release|Win32
		{267DF8FB-8209-4084-8323-96DF1D08E122}.Release|x86.Build.0 = Release|Win32
		{8AA0EDCF-F04B-42E7-8478-AC784E2ECC78}.Debug|x64.ActiveCfg = Debug|x64
		{8AA0EDCF-F04B-42E7-8478-AC784E2ECC78}.Debug|x64.Build.0 = Debug|x64
		{8AA0EDCF-F04B-42E7-8478-AC784E2ECC78}.Debug|x86.ActiveCfg = Debug|Win32
		{8AA0EDCF-F04B-42E7-8478-AC784E2ECC78}.Debug|x86.Build.0 = Debug|Win32
		{8AA0EDCF-F04B-42E7-8478-AC784E2ECC78}.Release|x64.ActiveCfg = Release|x64
		{8AA0EDCF-F04B-42E7-8478-AC784E2ECC78}.Release|x64.Build.0 = Release|x64
		{8AA0EDCF-F04B-42E7-8478-AC784E2ECC78}.Release|x86.ActiveCfg = Release|Win32
		{8AA0EDCF-F04B-42E7-8478-AC784E2ECC78}.Release|x86.Build.0 = Release|Win32
		{2AB5CDC9-62C4-4C10-B05B-1633B00CCD3B}.Debug|x64.ActiveCfg = Debug|x64
		{2AB5CDC9-62C4-4C10-B05B-1633B00CCD3B}.Debug|x64.Build.0 = Debug|x64
		{2AB5CDC9-62C4-4C10-B05B-1633B00CCD3B}.Debug|x86.ActiveCfg = Debug|Win32
		{2AB5CDC9-62C4-4C10-B05B-1633B00CCD3B}.Debug|x86.Build.0 = Debug|Win32
		{2AB5CDC9-62C4-4C10-B05B-1633B00CCD3B}.Release|x64.ActiveCfg = Release|x64
		{2AB5CDC9-62C4-4C10-B05B-1633B00CCD3B}.Release|x64.Build.0 = Release|x64
		{2AB5CDC9-62C4-4C10-B05B-1633B00CCD3B}.Release|x86.ActiveCfg = Release|Win32
		{2AB5CDC9-62C4-4C10-B05B-1633B00CCD3B}.Release|x86.Build.0 = Release|Win32
		{A5AA1431-815C-49AE-8502-2D38F4C6352B}.Debug|x64.ActiveCfg = Debug|x64
		{A5AA1431-815C-49AE-8502-2D38F4C6352B}.Debug|x64.Build.0 = Debug|x64
		{A5AA1431-815C-49AE-8502-2D38F4C6352B}.Debug|x86.ActiveCfg = Debug|Win32
		{A5AA1431-815C-49AE-8502-2D38F4C6352B}.Debug|x86.Build.0 = Debug|Win32
		{A5AA1431-815C-49AE-8502-2D38F4C6352B}.Release|x64.ActiveCfg = Release|x64
		{A5AA1431-815C-49AE-8502-2D38F4C6352B}.Release|x64.Build.0 = Release|x64
		{A5AA1431-815C-49AE-8502-2D38F4C6352B}.Release|x86.ActiveCfg = Release|Win32
		{A5AA1431-815C-49AE-8502-2D38F4C6352B}.Release|x86.Build.0 = Release|Win32
		{75F8CC09-4BC5-4754-ACE9-29AB8F74493F}.Debug|x64.ActiveCfg = Debug|x64
		{75F8CC09-4BC5-4754-ACE9-29AB8F74493F}.Debug|x64.Build.0 = Debug|x64
		{75F8CC09-4BC5-4754-ACE9-29AB8F74493F}.Debug|x86.ActiveCfg = Debug|Win32
		{75F8CC09-4BC5-4754-ACE9-29AB8F74493F}.Debug|x86.Build.0 = Debug|Win32
		{75F8CC09-4BC5-4754-ACE9-29AB8F74493F}.Release|x64.ActiveCfg = Release|x64
		{75F8CC09-4BC5-4754-ACE9-29AB8F74493F}.Release|x64.Build.0 = Release|x64
		{75F8CC09-4BC5-4754-ACE9-29AB8F74493F}.Release|x86.ActiveCfg = Release|Win32
		{75F8CC09-4BC5-4754-ACE9-29AB8F74493F}.Release|x86.Build.0 = Release|Win32
		{E9D191BF-F51F-43F5-A677-D6DAD524B7AD}.Debug|x64.ActiveCfg = Debug|x64
		{E9D191BF-F51F-43F5-A677-D6DAD524B7AD}.Debug|x64.Build.0 = Debug|x64
		{E9D191BF-F51F-43F5-A677-D6DAD524B7AD}.Debug|x86.ActiveCfg = Debug|Win32
		{E9D191BF-F51F-43F5-A677-D6DAD524B7AD}.Debug|x86.Build.0 = Debug|Win32
		{E9D191BF-F51F-43F5-A677-D6DAD524B7AD}.Release|x64.ActiveCfg = Release|x64
		{E9D191BF-F51F-43F5-A677-D6DAD524B7AD}.Release|x64.Build.0 = Release|x64
		{E9D191BF-F51F-43F5-A677-D6DAD524B7AD}.Release|x86.ActiveCfg = Release|Win32
		{E9D191BF-F51F-43F5-A677-D6DAD524B7AD}.Release|x86.Build.0 = Release|Win32
		{A905A832-F6C1-4B3A-BEFB-297F769313D6}.Debug|x64.ActiveCfg = Debug|x64
		{A905A832-F6C1-4B3A-BEFB-297F769313D6}.Debug|x64.Build.0 = Debug|x64
		{A905A832-F6C1-4B3A-BEFB-297F769313D6}.Debug|x86.ActiveCfg = Debug|Win32
		{A905A832-F6C1-4B3A-BEFB-297F769313D6}.Debug|x86.Build.0 = Debug|Win32
		{A905A832-F6C1-4B3A-BEFB-297F769313D6}.Release|x64.ActiveCfg = Release|x64
		{A905A832-F6C1-4B3A-BEFB-297F769313D6}.Release|x64.Build.0 = Release|x64
		{A905A832-F6C1-4B3A-BEFB-297F769313D6}.Release|x86.ActiveCfg = Release|Win32
		{A905A832-F6C1-4B3A-BEFB-297F769313D6}.Release|x86.Build.0 = Release|Win32
		{BE8883F9-423E-4C9D-AD0C-E42E06754F8D}.Debug|x64.ActiveCfg = Debug|x64
		{BE8883F9-423E-4C9D-AD0C-E42E06754F8D}.Debug|x64.Build.0 = Debug|x64
		{BE8883F9-423E-4C9D-AD0C-E42E06754F8D}.Debug|x86.ActiveCfg = Debug|Win32
		{BE8883F9-423E-4C9D-AD0C-E42E06754F8D}.Debug|x86.Build.0 = Debug|Win32
		{BE8883F9-423E-4C9D-AD0C-E42E06754F8D}.Release|x64.ActiveCfg = Release|x64
		{BE8883F9-423E-4C9D-AD0C-E42E06754F8D}.Release|x64.Build.0 = Release|x64
		{BE8883F9-423E-4C9D-AD0C-E42E06754F8D}.Release|x86.ActiveCfg = Release|Win32
		{BE8883F9-423E-4C9D-AD0C-E42E06754F8D}.Release|x86.Build.0 = Release|Win32
		{1EC09B74-A49E-43FA-B0C0-6A58B8F6FA6E}.Debug|x64.ActiveCfg = Debug|x64
		{1EC09B74-A49E-43FA-B0C0-6A58B8F6FA6E}.Debug|x64.Build.0 = Debug|x64
		{1EC09B74-A49E-43FA-B0C0-6A58B8F6FA6E}.Debug|x86.ActiveCfg = Debug|Win32
		{1EC09B74-A49E-43FA-B0C0-6A58B8F6FA6E}.Debug|x86.Build.0 = Debug|Win32
		{1EC09B74-A49E-43FA-B0C0-6A58B8F6FA6E}.Release|x64.ActiveCfg = Release|x64
		{1EC09B74-A49E-43FA-B0C0-6A58B8F6FA6E}.Release|x64.Build.0 = Release|x64
		{1EC09B74-A49E-43FA-B0C0-6A58B8F6FA6E}.Release|x86.ActiveCfg = Release|Win32
		{1EC09B74-A49E-43FA-B0C0-6A58B8F6FA6E}.Release|x86.Build.0 = Release|Win32
		{38902719-8A82-418D-99BF-F428F937F3B4}.Debug|x64.ActiveCfg = Debug|x64
		{38902719-8A82-418D-99BF-F428F937F3B4}.Debug|x64.Build.0 = Debug|x64
		{38902719-8A82-418D-99BF-F428F937F3B4}.Debug|x86.ActiveCfg = Debug|Win32
		{38902719-8A82-418D-99BF-F428F937F3B4}.Debug|x86.Build.0 = Debug|Win32
		{38902719-8A82-418D-99BF-F428F937F3B4}.Release|x64.ActiveCfg = Release|x64
		{38902719-8A82-418D-99BF-F428F937F3B4}.Release|x64.Build.0 = Release|x64
		{38902719-8A82-418D-99BF-F428F937F3B4}.Release|x86.ActiveCfg = Release|Win32
		{38902719-8A82-418D-99BF-F428F937F3B4}.Release|x86.Build.0 = Release|Win32
		{2433EA84-8CD5-4737-9385-CC4C3DC6944B}.Debug|x64.ActiveCfg = Debug|x64
		{2433EA84-8CD5-4737-9385-CC4C3DC6944B}.Debug|x64.Build.0 = Debug|x64
		{2433EA84-8CD5-4737-9385-CC4C3DC6944B}.Debug|x86.ActiveCfg = Debug|Win32
		{2433EA84-8CD5-4737-9385-CC4C3DC6944B}.Debug|x86.Build.0 = Debug|Win32
		{2433EA84-8CD5-4737-9385-CC4C3DC6944B}.Release|x64.ActiveCfg = Release|x64
		{2433EA84-8CD5-4737-9385-CC4C3DC6944B}.Release|x64.Build.0 = Release|x64
		{2433EA84-8CD5-4737-9385-CC4C3DC6944B}.Release|x86.ActiveCfg = Release|Win32
		{2433EA84-8CD5-4737-9385-CC4C3DC6944B}.Release|x86.Build.0 = Release|Win32
		{EAC9D4D8-015E-4A31-B376-4DE568BED2F9}.Debug|x64.ActiveCfg = Debug|x64
		{EAC9D4D8-015E-4A31-B376-4DE568BED2F9}.Debug|x64.Build.0 = Debug|x64
		{EAC9D4D8-015E-4A31-B376-4DE568BED2F9}.Debug|x86.ActiveCfg = Debug|Win32
		{EAC9D4D8-015E-4A31-B376-4DE568BED2F9}.Debug|x86.Build.0 = Debug|Win32
		{EAC9D4D8-015E-4A31-B376-4DE568BED2F9}.Release|x64.ActiveCfg = Release|x64
		{EAC9D4D8-015E-4A31-B376-4DE568BED2F9}.Release|x64.Build.0 = Release|x64
		{EAC9D4D8-015E-4A31-B376-4DE568BED2F9}.Release|x86.ActiveCfg = Release|Win32
		{EAC9D4D8-015E-4A31-B376-4DE568BED2F9}.Release|x86.Build.0 = Release|Win32
		{13A77EBC-244E-4FC1-8090-524DBC769B33}.Debug|x64.ActiveCfg = Debug|x64
		{13A77EBC-244E-4FC1-8090-524DBC769B33}.Debug|x64.Build.0 = Debug|x64
		{13A77EBC-244E-4FC1-8090-524DBC769B33}.Debug|x86.ActiveCfg = Debug|Win32
		{13A77EBC-244E-4FC1-8090-524DBC769B33}.Debug|x86.Build.0 = Debug|Win32
		{13A77EBC-244E-4FC1-8090-524DBC769B33}.Release|x64.ActiveCfg = Release|x64
		{13A77EBC-244E-4FC1-8090-524DBC769B33}.Release|x64.Build.0 = Release|x64
		{13A77EBC-244E-4FC1-8090-524DBC769B33}.Release|x86.ActiveCfg = Release|Win32
		{13A77EBC-244E-4FC1-8090-524DBC769B33}.Release|x86.Build.0 = Release|Win32
		{1E0E2862-F041-40CC-9428-5B6B883632D3}.Debug|x64.ActiveCfg = Debug|x64
		{1E0E2862-F041-40CC-9428-5B6B883632D3}.Debug|x64.Build.0 = Debug|x64
		{1E0E2862-F041-40CC-9428-5B6B883632D3}.Debug|x86.ActiveCfg = Debug|Win32
		{1E0E2862-F041-40CC-9428-5B6B883632D3}.Debug|x86.Build.0 = Debug|Win32
		{1E0E2862-F041-40CC-9428-5B6B883632D3}.Release|x64.ActiveCfg = Release|x64
		{1E0E2862-F041-40CC-9428-5B6B883632D3}.Release|x64.Build.0 = Release|x64
		{1E0E2862-F041-40CC-9428-5B6B883632D3}.Release|x86.ActiveCfg = Release|Win32
		{1E0E2862-F041-40CC-9428-5B6B883632D3}.Release|x86.Build.0 = Release|Win32
		{592B255B-8B50-40BB-9AAF-69B28433231E}.Debug|x64.ActiveCfg = Debug|x64
		{592B255B-8B50-40BB-9AAF-69B28433231E}.Debug|x64.Build.0 = Debug|x64
		{592B255B-8B50-40BB-9AAF-69B28433231E}.Debug|x86.ActiveCfg = Debug|Win32
		{592B255B-8B50-40BB-9AAF-69B28433231E}.Debug|x86.Build.0 = Debug|Win32
		{592B255B-8B50-40BB-9AAF-69B28433231E}.Release|x64.ActiveCfg = Release|x64
		{592B255B-8B50-40BB-9AAF-69B28433231E}.Release|x64.Build.0 = Release|x64
		{592B255B-8B50-40BB-9AAF-69B28433231E}.Release|x86.ActiveCfg = Release|Win32
		{592B255B-8B50-40BB-9AAF-69B28433231E}.Release|x86.Build.0 = Release|Win32
		{54438C59-D113-45F0-92A2-E5663932ADB8}.Debug|x64.ActiveCfg = Debug|x64
		{54438C59-D113-45F0-92A2-E5663932ADB8}.Debug|x64.Build.0 = Debug|x64
		{54438C59-D113-45F0-92A2-E5663932ADB8}.Debug|x86.ActiveCfg = Debug|Win32
		{54438C59-D113-45F0-92A2-E5663932ADB8}.Debug|x86.Build.0 = Debug|Win32
		{54438C59-D113-45F0-92A2-E5663932ADB8}.Release|x64.ActiveCfg = Release|x64
		{54438C59-D113-45F0-92A2-E5663932ADB8}.Release|x64.Build.0 = Release|x64
		{54438C59-D113-45F0-92A2-E5663932ADB8}.Release|x86.ActiveCfg = Release|Win32
		{54438C59-D113-45F0-92A2-E5663932ADB8}.Release|x86.Build.0 = Release|Win32
		{A30E8596-8E44-455D-8CAC-F69E23AF9D86}.Debug|x64.ActiveCfg = Debug|x64
		{A30E8596-8E44-455D-8CAC-F69E23AF9D86}.Debug|x64.Build.0 = Debug|x64
		{A30E8596-8E44-455D-8CAC-F69E23AF9D86}.Debug|x86.ActiveCfg = Debug|Win32
		{A30E8596-8E44-455D-8CAC-F69E23AF9D86}.Debug|x86.Build.0 = Debug|Win32
		{A30E8596-8E44-455D-8CAC-F69E23AF9D86}.Release|x64.ActiveCfg = Release|x64
		{A30E8596-8E44-455D-8CAC-F69E23AF9D86}.Release|x64.Build.0 = Release|x64
		{A30E8596-8E44-455D-8CAC-F69E23AF9D86}.Release|x86.ActiveCfg = Release|Win32
		{A30E8596-8E44-455D-8CAC-F69E23AF9D86}.Release|x86.Build.0 = Release|Win32
		{FD47C471-7C0C-4BD0-9EAA-01D1CE9C7DD5}.Debug|x64.ActiveCfg = Debug|x64
		{FD47C471-7C0C-4BD0-9EAA-01D1CE9C7DD5}.Debug|x64.Build.0 = Debug|x64
		{FD47C471-7C0C-4BD0-9EAA-01D1CE9C7DD5}.Debug|x86.ActiveCfg = Debug|Win32
		{FD47C471-7C0C-4BD0-9EAA-01D1CE9C7DD5}.Debug|x86.Build.0 = Debug|Win32
		{FD47C471-7C0C-4BD0-9EAA-01D1CE9C7DD5}.Release|x64.ActiveCfg = Release|x64
		{FD47C471-7C0C-4BD0-9EAA-01D1CE9C7DD5}.Release|x64.Build.0 = Release|x64
		{FD47C471-7C0C-4BD0-9EAA-01D1CE9C7DD5}.Release|x86.ActiveCfg = Release|Win32
		{FD47C471-7C0C-4BD0-9EAA-01D1CE9C7DD5}.Release|x86.Build.0 = Release|Win32
		{4F0901D4-12F3-41CF-84B5-A9DAEA2545D2}.Debug|x64.ActiveCfg = Debug|x64
		{4F0901D4-12F3-41CF-84B5-A9DAEA2545D2}.Debug|x64.Build.0 = Debug|x64
		{4F0901D4-12F3-41CF-84B5-A9DAEA2545D2}.Debug|x86.ActiveCfg = Debug|Win32
		{4F0901D4-12F3-41CF-84B5-A9DAEA2545D2}.Debug|x86.Build.0 = Debug|Win32
		{4F0901D4-12F3-41CF-84B5-A9DAEA2545D2}.Release|x64.ActiveCfg = Release|x64
		{4F0901D4-12F3-41CF-84B5-A9DAEA2545D2}.Release|x64.Build.0 = Release|x64
		{4F0901D4-12F3-41CF-84B5-A9DAEA2545D2}.Release|x86.ActiveCfg = Release|Win32
		{4F0901D4-12F3-41CF-84B5-A9DAEA2545D2}.Release|x86.Build.0 = Release|Win32
		{649BFF5C-54C4-48D4-B073-00A5E868FD50}.Debug|x64.ActiveCfg = Debug|x64
		{649BFF5C-54C4-48D4-B073-00A5E868FD50}.Debug|x64.Build.0 = Debug|x64
		{649BFF5C-54C4-48D4-B073-00A5E868FD50}.Debug|x86.ActiveCfg = Debug|Win32
		{649BFF5C-54C4-48D4-B073-00A5E868FD50}.Debug|x86.Build.0 = Debug|Win32
		{649BFF5C-54C4-48D4-B073-00A5E868FD50}.Release|x64.ActiveCfg = Release|x64
		{649BFF5C-54C4-48D4-B073-00A5E868FD50}.Release|x64.Build.0 = Release|x64
		{649BFF5C-54C4-48D4-B073-00A5E868FD50}.Release|x86.ActiveCfg = Release|Win32
		{649BFF5C-54C4-48D4-B073-00A5E868FD50}.Release|x86.Build.0 = Release|Win32
		{AAF30CAC-5109-454F-913A-92AB9621A93B}.Debug|x64.ActiveCfg = Debug|x64
		{AAF30CAC-5109-454F-913A-92AB9621A93B}.Debug|x64.Build.0 = Debug|x64
		{AAF30CAC-5109-454F-913A-92AB9621A93B}.Debug|x86.ActiveCfg = Debug|Win32
		{AAF30CAC-5109-454F-913A-92AB9621A93B}.Debug|x86.Build.0 = Debug|Win32
		{AAF30CAC-5109-454F-913A-92AB9621A93B}.Release|x64.ActiveCfg = Release|x64
		{AAF30CAC-5109-454F-913A-92AB9621A93B}.Release|x64.Build.0 = Release|x64
		{AAF30CAC-5109-454F-913A-92AB9621A93B}.Release|x86.ActiveCfg = Release|Win32
		{AAF30CAC-5109-454F-913A-92AB9621A93B}.Release|x86.Build.0 = Release|Win32
		{11C7AE72-ED6F-4D96-9A51-9BFD44CA12F6}.Debug|x64.ActiveCfg = Debug|x64
		{11C7AE72-ED6F-4D96-9A51-9BFD44CA12F6}.Debug|x64.Build.0 = Debug|x64
		{11C7AE72-ED6F-4D96-9A51-9BFD44CA12F6}.Debug|x86.ActiveCfg = Debug|Win32
		{11C7AE72-ED6F-4D96-9A51-9BFD44CA12F6}.Debug|x86.Build.0 = Debug|Win32
		{11C7AE72-ED6F-4D96-9A51-9BFD44CA12F6}.Release|x64.ActiveCfg = Release|x64
		{11C7AE72-ED6F-4D96-9A51-9BFD44CA12F6}.Release|x64.Build.0 = Release|x64
		{11C7AE72-ED6F-4D96-9A51-9BFD44CA12F6}.Release|x86.ActiveCfg = Release|Win32
		{11C7AE72-ED6F-4D96-9A51-9BFD44CA12F6}.Release|x86.Build.0 = Release|Win32
	EndGlobalSection
	GlobalSection(SolutionProperties) = preSolution
		HideSolutionNode = FALSE
	EndGlobalSection
	GlobalSection(ExtensibilityGlobals) = postSolution
		SolutionGuid = {98937DE2-7351-4172-BAA8-A1CC572B8693}
	EndGlobalSection
EndGlobal
